// !$*UTF8*$!
{
	archiveVersion = 1;
	classes = {
	};
	objectVersion = 50;
	objects = {

/* Begin PBXBuildFile section */
		2E68332826CA3B7800B7B3F9 /* CombineNetworkRefreshTokenApp.swift in Sources */ = {isa = PBXBuildFile; fileRef = 2E68332726CA3B7800B7B3F9 /* CombineNetworkRefreshTokenApp.swift */; };
		2E68332A26CA3B7800B7B3F9 /* ContentView.swift in Sources */ = {isa = PBXBuildFile; fileRef = 2E68332926CA3B7800B7B3F9 /* ContentView.swift */; };
		2E68332C26CA3B7900B7B3F9 /* Assets.xcassets in Resources */ = {isa = PBXBuildFile; fileRef = 2E68332B26CA3B7900B7B3F9 /* Assets.xcassets */; };
		2E68332F26CA3B7900B7B3F9 /* Preview Assets.xcassets in Resources */ = {isa = PBXBuildFile; fileRef = 2E68332E26CA3B7900B7B3F9 /* Preview Assets.xcassets */; };
		2E68333C26CA3B8A00B7B3F9 /* Model.swift in Sources */ = {isa = PBXBuildFile; fileRef = 2E68333726CA3B8A00B7B3F9 /* Model.swift */; };
		2E68333D26CA3B8A00B7B3F9 /* NetworkManager.swift in Sources */ = {isa = PBXBuildFile; fileRef = 2E68333826CA3B8A00B7B3F9 /* NetworkManager.swift */; };
		2E68333E26CA3B8A00B7B3F9 /* MockNetworkSession.swift in Sources */ = {isa = PBXBuildFile; fileRef = 2E68333926CA3B8A00B7B3F9 /* MockNetworkSession.swift */; };
		2E68333F26CA3B8A00B7B3F9 /* NetworkSession.swift in Sources */ = {isa = PBXBuildFile; fileRef = 2E68333A26CA3B8A00B7B3F9 /* NetworkSession.swift */; };
		2E68334026CA3B8A00B7B3F9 /* Authenticator.swift in Sources */ = {isa = PBXBuildFile; fileRef = 2E68333B26CA3B8A00B7B3F9 /* Authenticator.swift */; };
/* End PBXBuildFile section */

/* Begin PBXFileReference section */
		2E68332426CA3B7800B7B3F9 /* CombineNetworkRefreshToken.app */ = {isa = PBXFileReference; explicitFileType = wrapper.application; includeInIndex = 0; path = CombineNetworkRefreshToken.app; sourceTree = BUILT_PRODUCTS_DIR; };
		2E68332726CA3B7800B7B3F9 /* CombineNetworkRefreshTokenApp.swift */ = {isa = PBXFileReference; lastKnownFileType = sourcecode.swift; path = CombineNetworkRefreshTokenApp.swift; sourceTree = "<group>"; };
		2E68332926CA3B7800B7B3F9 /* ContentView.swift */ = {isa = PBXFileReference; lastKnownFileType = sourcecode.swift; path = ContentView.swift; sourceTree = "<group>"; };
		2E68332B26CA3B7900B7B3F9 /* Assets.xcassets */ = {isa = PBXFileReference; lastKnownFileType = folder.assetcatalog; path = Assets.xcassets; sourceTree = "<group>"; };
		2E68332E26CA3B7900B7B3F9 /* Preview Assets.xcassets */ = {isa = PBXFileReference; lastKnownFileType = folder.assetcatalog; path = "Preview Assets.xcassets"; sourceTree = "<group>"; };
		2E68333026CA3B7900B7B3F9 /* Info.plist */ = {isa = PBXFileReference; lastKnownFileType = text.plist.xml; path = Info.plist; sourceTree = "<group>"; };
		2E68333726CA3B8A00B7B3F9 /* Model.swift */ = {isa = PBXFileReference; fileEncoding = 4; lastKnownFileType = sourcecode.swift; path = Model.swift; sourceTree = "<group>"; };
		2E68333826CA3B8A00B7B3F9 /* NetworkManager.swift */ = {isa = PBXFileReference; fileEncoding = 4; lastKnownFileType = sourcecode.swift; path = NetworkManager.swift; sourceTree = "<group>"; };
		2E68333926CA3B8A00B7B3F9 /* MockNetworkSession.swift */ = {isa = PBXFileReference; fileEncoding = 4; lastKnownFileType = sourcecode.swift; path = MockNetworkSession.swift; sourceTree = "<group>"; };
		2E68333A26CA3B8A00B7B3F9 /* NetworkSession.swift */ = {isa = PBXFileReference; fileEncoding = 4; lastKnownFileType = sourcecode.swift; path = NetworkSession.swift; sourceTree = "<group>"; };
		2E68333B26CA3B8A00B7B3F9 /* Authenticator.swift */ = {isa = PBXFileReference; fileEncoding = 4; lastKnownFileType = sourcecode.swift; path = Authenticator.swift; sourceTree = "<group>"; };
/* End PBXFileReference section */

/* Begin PBXFrameworksBuildPhase section */
		2E68332126CA3B7800B7B3F9 /* Frameworks */ = {
			isa = PBXFrameworksBuildPhase;
			buildActionMask = 2147483647;
			files = (
			);
			runOnlyForDeploymentPostprocessing = 0;
		};
/* End PBXFrameworksBuildPhase section */

/* Begin PBXGroup section */
		2E68331B26CA3B7800B7B3F9 = {
			isa = PBXGroup;
			children = (
				2E68332626CA3B7800B7B3F9 /* CombineNetworkRefreshToken */,
				2E68332526CA3B7800B7B3F9 /* Products */,
			);
			sourceTree = "<group>";
		};
		2E68332526CA3B7800B7B3F9 /* Products */ = {
			isa = PBXGroup;
			children = (
				2E68332426CA3B7800B7B3F9 /* CombineNetworkRefreshToken.app */,
			);
			name = Products;
			sourceTree = "<group>";
		};
		2E68332626CA3B7800B7B3F9 /* CombineNetworkRefreshToken */ = {
			isa = PBXGroup;
			children = (
				2E68332726CA3B7800B7B3F9 /* CombineNetworkRefreshTokenApp.swift */,
				2E68334126CA3BAE00B7B3F9 /* Model */,
				2E68333626CA3B8A00B7B3F9 /* Network */,
				2E68334226CA3BB700B7B3F9 /* View */,
				2E68332B26CA3B7900B7B3F9 /* Assets.xcassets */,
				2E68333026CA3B7900B7B3F9 /* Info.plist */,
				2E68332D26CA3B7900B7B3F9 /* Preview Content */,
			);
			path = CombineNetworkRefreshToken;
			sourceTree = "<group>";
		};
		2E68332D26CA3B7900B7B3F9 /* Preview Content */ = {
			isa = PBXGroup;
			children = (
				2E68332E26CA3B7900B7B3F9 /* Preview Assets.xcassets */,
			);
			path = "Preview Content";
			sourceTree = "<group>";
		};
		2E68333626CA3B8A00B7B3F9 /* Network */ = {
			isa = PBXGroup;
			children = (
				2E68333826CA3B8A00B7B3F9 /* NetworkManager.swift */,
				2E68333926CA3B8A00B7B3F9 /* MockNetworkSession.swift */,
				2E68333A26CA3B8A00B7B3F9 /* NetworkSession.swift */,
				2E68333B26CA3B8A00B7B3F9 /* Authenticator.swift */,
			);
			path = Network;
			sourceTree = "<group>";
		};
		2E68334126CA3BAE00B7B3F9 /* Model */ = {
			isa = PBXGroup;
			children = (
				2E68333726CA3B8A00B7B3F9 /* Model.swift */,
			);
			path = Model;
			sourceTree = "<group>";
		};
		2E68334226CA3BB700B7B3F9 /* View */ = {
			isa = PBXGroup;
			children = (
				2E68332926CA3B7800B7B3F9 /* ContentView.swift */,
			);
			path = View;
			sourceTree = "<group>";
		};
/* End PBXGroup section */

/* Begin PBXNativeTarget section */
		2E68332326CA3B7800B7B3F9 /* CombineNetworkRefreshToken */ = {
			isa = PBXNativeTarget;
			buildConfigurationList = 2E68333326CA3B7900B7B3F9 /* Build configuration list for PBXNativeTarget "CombineNetworkRefreshToken" */;
			buildPhases = (
				2E68332026CA3B7800B7B3F9 /* Sources */,
				2E68332126CA3B7800B7B3F9 /* Frameworks */,
				2E68332226CA3B7800B7B3F9 /* Resources */,
			);
			buildRules = (
			);
			dependencies = (
			);
			name = CombineNetworkRefreshToken;
			productName = CombineNetworkRefreshToken;
			productReference = 2E68332426CA3B7800B7B3F9 /* CombineNetworkRefreshToken.app */;
			productType = "com.apple.product-type.application";
		};
/* End PBXNativeTarget section */

/* Begin PBXProject section */
		2E68331C26CA3B7800B7B3F9 /* Project object */ = {
			isa = PBXProject;
			attributes = {
				LastSwiftUpdateCheck = 1250;
				LastUpgradeCheck = 1250;
				TargetAttributes = {
					2E68332326CA3B7800B7B3F9 = {
						CreatedOnToolsVersion = 12.5.1;
					};
				};
			};
			buildConfigurationList = 2E68331F26CA3B7800B7B3F9 /* Build configuration list for PBXProject "CombineNetworkRefreshToken" */;
			compatibilityVersion = "Xcode 9.3";
			developmentRegion = en;
			hasScannedForEncodings = 0;
			knownRegions = (
				en,
				Base,
			);
			mainGroup = 2E68331B26CA3B7800B7B3F9;
			productRefGroup = 2E68332526CA3B7800B7B3F9 /* Products */;
			projectDirPath = "";
			projectRoot = "";
			targets = (
				2E68332326CA3B7800B7B3F9 /* CombineNetworkRefreshToken */,
			);
		};
/* End PBXProject section */

/* Begin PBXResourcesBuildPhase section */
		2E68332226CA3B7800B7B3F9 /* Resources */ = {
			isa = PBXResourcesBuildPhase;
			buildActionMask = 2147483647;
			files = (
				2E68332F26CA3B7900B7B3F9 /* Preview Assets.xcassets in Resources */,
				2E68332C26CA3B7900B7B3F9 /* Assets.xcassets in Resources */,
			);
			runOnlyForDeploymentPostprocessing = 0;
		};
/* End PBXResourcesBuildPhase section */

/* Begin PBXSourcesBuildPhase section */
		2E68332026CA3B7800B7B3F9 /* Sources */ = {
			isa = PBXSourcesBuildPhase;
			buildActionMask = 2147483647;
			files = (
				2E68333D26CA3B8A00B7B3F9 /* NetworkManager.swift in Sources */,
				2E68334026CA3B8A00B7B3F9 /* Authenticator.swift in Sources */,
				2E68333C26CA3B8A00B7B3F9 /* Model.swift in Sources */,
				2E68333E26CA3B8A00B7B3F9 /* MockNetworkSession.swift in Sources */,
				2E68333F26CA3B8A00B7B3F9 /* NetworkSession.swift in Sources */,
				2E68332A26CA3B7800B7B3F9 /* ContentView.swift in Sources */,
				2E68332826CA3B7800B7B3F9 /* CombineNetworkRefreshTokenApp.swift in Sources */,
			);
			runOnlyForDeploymentPostprocessing = 0;
		};
/* End PBXSourcesBuildPhase section */

/* Begin XCBuildConfiguration section */
		2E68333126CA3B7900B7B3F9 /* Debug */ = {
			isa = XCBuildConfiguration;
			buildSettings = {
				ALWAYS_SEARCH_USER_PATHS = NO;
				CLANG_ANALYZER_NONNULL = YES;
				CLANG_ANALYZER_NUMBER_OBJECT_CONVERSION = YES_AGGRESSIVE;
				CLANG_CXX_LANGUAGE_STANDARD = "gnu++14";
				CLANG_CXX_LIBRARY = "libc++";
				CLANG_ENABLE_MODULES = YES;
				CLANG_ENABLE_OBJC_ARC = YES;
				CLANG_ENABLE_OBJC_WEAK = YES;
				CLANG_WARN_BLOCK_CAPTURE_AUTORELEASING = YES;
				CLANG_WARN_BOOL_CONVERSION = YES;
				CLANG_WARN_COMMA = YES;
				CLANG_WARN_CONSTANT_CONVERSION = YES;
				CLANG_WARN_DEPRECATED_OBJC_IMPLEMENTATIONS = YES;
				CLANG_WARN_DIRECT_OBJC_ISA_USAGE = YES_ERROR;
				CLANG_WARN_DOCUMENTATION_COMMENTS = YES;
				CLANG_WARN_EMPTY_BODY = YES;
				CLANG_WARN_ENUM_CONVERSION = YES;
				CLANG_WARN_INFINITE_RECURSION = YES;
				CLANG_WARN_INT_CONVERSION = YES;
				CLANG_WARN_NON_LITERAL_NULL_CONVERSION = YES;
				CLANG_WARN_OBJC_IMPLICIT_RETAIN_SELF = YES;
				CLANG_WARN_OBJC_LITERAL_CONVERSION = YES;
				CLANG_WARN_OBJC_ROOT_CLASS = YES_ERROR;
				CLANG_WARN_QUOTED_INCLUDE_IN_FRAMEWORK_HEADER = YES;
				CLANG_WARN_RANGE_LOOP_ANALYSIS = YES;
				CLANG_WARN_STRICT_PROTOTYPES = YES;
				CLANG_WARN_SUSPICIOUS_MOVE = YES;
				CLANG_WARN_UNGUARDED_AVAILABILITY = YES_AGGRESSIVE;
				CLANG_WARN_UNREACHABLE_CODE = YES;
				CLANG_WARN__DUPLICATE_METHOD_MATCH = YES;
				COPY_PHASE_STRIP = NO;
				DEBUG_INFORMATION_FORMAT = dwarf;
				ENABLE_STRICT_OBJC_MSGSEND = YES;
				ENABLE_TESTABILITY = YES;
				GCC_C_LANGUAGE_STANDARD = gnu11;
				GCC_DYNAMIC_NO_PIC = NO;
				GCC_NO_COMMON_BLOCKS = YES;
				GCC_OPTIMIZATION_LEVEL = 0;
				GCC_PREPROCESSOR_DEFINITIONS = (
					"DEBUG=1",
					"$(inherited)",
				);
				GCC_WARN_64_TO_32_BIT_CONVERSION = YES;
				GCC_WARN_ABOUT_RETURN_TYPE = YES_ERROR;
				GCC_WARN_UNDECLARED_SELECTOR = YES;
				GCC_WARN_UNINITIALIZED_AUTOS = YES_AGGRESSIVE;
				GCC_WARN_UNUSED_FUNCTION = YES;
				GCC_WARN_UNUSED_VARIABLE = YES;
				IPHONEOS_DEPLOYMENT_TARGET = 14.5;
				MTL_ENABLE_DEBUG_INFO = INCLUDE_SOURCE;
				MTL_FAST_MATH = YES;
				ONLY_ACTIVE_ARCH = YES;
				SDKROOT = iphoneos;
				SWIFT_ACTIVE_COMPILATION_CONDITIONS = DEBUG;
				SWIFT_OPTIMIZATION_LEVEL = "-Onone";
			};
			name = Debug;
		};
		2E68333226CA3B7900B7B3F9 /* Release */ = {
			isa = XCBuildConfiguration;
			buildSettings = {
				ALWAYS_SEARCH_USER_PATHS = NO;
				CLANG_ANALYZER_NONNULL = YES;
				CLANG_ANALYZER_NUMBER_OBJECT_CONVERSION = YES_AGGRESSIVE;
				CLANG_CXX_LANGUAGE_STANDARD = "gnu++14";
				CLANG_CXX_LIBRARY = "libc++";
				CLANG_ENABLE_MODULES = YES;
				CLANG_ENABLE_OBJC_ARC = YES;
				CLANG_ENABLE_OBJC_WEAK = YES;
				CLANG_WARN_BLOCK_CAPTURE_AUTORELEASING = YES;
				CLANG_WARN_BOOL_CONVERSION = YES;
				CLANG_WARN_COMMA = YES;
				CLANG_WARN_CONSTANT_CONVERSION = YES;
				CLANG_WARN_DEPRECATED_OBJC_IMPLEMENTATIONS = YES;
				CLANG_WARN_DIRECT_OBJC_ISA_USAGE = YES_ERROR;
				CLANG_WARN_DOCUMENTATION_COMMENTS = YES;
				CLANG_WARN_EMPTY_BODY = YES;
				CLANG_WARN_ENUM_CONVERSION = YES;
				CLANG_WARN_INFINITE_RECURSION = YES;
				CLANG_WARN_INT_CONVERSION = YES;
				CLANG_WARN_NON_LITERAL_NULL_CONVERSION = YES;
				CLANG_WARN_OBJC_IMPLICIT_RETAIN_SELF = YES;
				CLANG_WARN_OBJC_LITERAL_CONVERSION = YES;
				CLANG_WARN_OBJC_ROOT_CLASS = YES_ERROR;
				CLANG_WARN_QUOTED_INCLUDE_IN_FRAMEWORK_HEADER = YES;
				CLANG_WARN_RANGE_LOOP_ANALYSIS = YES;
				CLANG_WARN_STRICT_PROTOTYPES = YES;
				CLANG_WARN_SUSPICIOUS_MOVE = YES;
				CLANG_WARN_UNGUARDED_AVAILABILITY = YES_AGGRESSIVE;
				CLANG_WARN_UNREACHABLE_CODE = YES;
				CLANG_WARN__DUPLICATE_METHOD_MATCH = YES;
				COPY_PHASE_STRIP = NO;
				DEBUG_INFORMATION_FORMAT = "dwarf-with-dsym";
				ENABLE_NS_ASSERTIONS = NO;
				ENABLE_STRICT_OBJC_MSGSEND = YES;
				GCC_C_LANGUAGE_STANDARD = gnu11;
				GCC_NO_COMMON_BLOCKS = YES;
				GCC_WARN_64_TO_32_BIT_CONVERSION = YES;
				GCC_WARN_ABOUT_RETURN_TYPE = YES_ERROR;
				GCC_WARN_UNDECLARED_SELECTOR = YES;
				GCC_WARN_UNINITIALIZED_AUTOS = YES_AGGRESSIVE;
				GCC_WARN_UNUSED_FUNCTION = YES;
				GCC_WARN_UNUSED_VARIABLE = YES;
				IPHONEOS_DEPLOYMENT_TARGET = 14.5;
				MTL_ENABLE_DEBUG_INFO = NO;
				MTL_FAST_MATH = YES;
				SDKROOT = iphoneos;
				SWIFT_COMPILATION_MODE = wholemodule;
				SWIFT_OPTIMIZATION_LEVEL = "-O";
				VALIDATE_PRODUCT = YES;
			};
			name = Release;
		};
		2E68333426CA3B7900B7B3F9 /* Debug */ = {
			isa = XCBuildConfiguration;
			buildSettings = {
				ASSETCATALOG_COMPILER_APPICON_NAME = AppIcon;
				ASSETCATALOG_COMPILER_GLOBAL_ACCENT_COLOR_NAME = AccentColor;
				CODE_SIGN_STYLE = Automatic;
				DEVELOPMENT_ASSET_PATHS = "\"CombineNetworkRefreshToken/Preview Content\"";
				DEVELOPMENT_TEAM = UV36497CVB;
				ENABLE_PREVIEWS = YES;
				INFOPLIST_FILE = CombineNetworkRefreshToken/Info.plist;
				IPHONEOS_DEPLOYMENT_TARGET = 14.0;
				LD_RUNPATH_SEARCH_PATHS = (
					"$(inherited)",
					"@executable_path/Frameworks",
				);
				PRODUCT_BUNDLE_IDENTIFIER = com.epiens.CombineNetworkRefreshToken;
				PRODUCT_NAME = "$(TARGET_NAME)";
				SWIFT_VERSION = 5.0;
				TARGETED_DEVICE_FAMILY = "1,2";
			};
			name = Debug;
		};
		2E68333526CA3B7900B7B3F9 /* Release */ = {
			isa = XCBuildConfiguration;
			buildSettings = {
				ASSETCATALOG_COMPILER_APPICON_NAME = AppIcon;
				ASSETCATALOG_COMPILER_GLOBAL_ACCENT_COLOR_NAME = AccentColor;
				CODE_SIGN_STYLE = Automatic;
				DEVELOPMENT_ASSET_PATHS = "\"CombineNetworkRefreshToken/Preview Content\"";
				DEVELOPMENT_TEAM = UV36497CVB;
				ENABLE_PREVIEWS = YES;
				INFOPLIST_FILE = CombineNetworkRefreshToken/Info.plist;
				IPHONEOS_DEPLOYMENT_TARGET = 14.0;
				LD_RUNPATH_SEARCH_PATHS = (
					"$(inherited)",
					"@executable_path/Frameworks",
				);
				PRODUCT_BUNDLE_IDENTIFIER = com.epiens.CombineNetworkRefreshToken;
				PRODUCT_NAME = "$(TARGET_NAME)";
				SWIFT_VERSION = 5.0;
				TARGETED_DEVICE_FAMILY = "1,2";
			};
			name = Release;
		};
/* End XCBuildConfiguration section */

/* Begin XCConfigurationList section */
		2E68331F26CA3B7800B7B3F9 /* Build configuration list for PBXProject "CombineNetworkRefreshToken" */ = {
			isa = XCConfigurationList;
			buildConfigurations = (
				2E68333126CA3B7900B7B3F9 /* Debug */,
				2E68333226CA3B7900B7B3F9 /* Release */,
			);
			defaultConfigurationIsVisible = 0;
			defaultConfigurationName = Release;
		};
		2E68333326CA3B7900B7B3F9 /* Build configuration list for PBXNativeTarget "CombineNetworkRefreshToken" */ = {
			isa = XCConfigurationList;
			buildConfigurations = (
				2E68333426CA3B7900B7B3F9 /* Debug */,
				2E68333526CA3B7900B7B3F9 /* Release */,
			);
			defaultConfigurationIsVisible = 0;
			defaultConfigurationName = Release;
		};
/* End XCConfigurationList section */
	};
	rootObject = 2E68331C26CA3B7800B7B3F9 /* Project object */;
}
